// !$*UTF8*$!
{
	archiveVersion = 1;
	classes = {
	};
	objectVersion = 56;
	objects = {

/* Begin PBXBuildFile section */
		049BAE7429FB5B9C00F7B0B3 /* ContentView.swift in Sources */ = {isa = PBXBuildFile; fileRef = 049BAE7329FB5B9C00F7B0B3 /* ContentView.swift */; };
		049BAE7629FB5B9D00F7B0B3 /* Assets.xcassets in Resources */ = {isa = PBXBuildFile; fileRef = 049BAE7529FB5B9D00F7B0B3 /* Assets.xcassets */; };
		049BAE7929FB5B9D00F7B0B3 /* Preview Assets.xcassets in Resources */ = {isa = PBXBuildFile; fileRef = 049BAE7829FB5B9D00F7B0B3 /* Preview Assets.xcassets */; };
		049BAE8429FB5B9D00F7B0B3 /* MacLandmarksTests.swift in Sources */ = {isa = PBXBuildFile; fileRef = 049BAE8329FB5B9D00F7B0B3 /* MacLandmarksTests.swift */; };
		049BAE8E29FB5B9E00F7B0B3 /* MacLandmarksUITests.swift in Sources */ = {isa = PBXBuildFile; fileRef = 049BAE8D29FB5B9E00F7B0B3 /* MacLandmarksUITests.swift */; };
		049BAE9029FB5B9E00F7B0B3 /* MacLandmarksUITestsLaunchTests.swift in Sources */ = {isa = PBXBuildFile; fileRef = 049BAE8F29FB5B9E00F7B0B3 /* MacLandmarksUITestsLaunchTests.swift */; };
		049BAE9A29FB5D2D00F7B0B3 /* landmarkData.json in Resources */ = {isa = PBXBuildFile; fileRef = 049C771829FABA1A003BD829 /* landmarkData.json */; };
		049BAE9B29FB5D2D00F7B0B3 /* Profile.swift in Sources */ = {isa = PBXBuildFile; fileRef = 049C774729FB3B85003BD829 /* Profile.swift */; };
		049BAE9C29FB5D2D00F7B0B3 /* Hike.swift in Sources */ = {isa = PBXBuildFile; fileRef = 049C773129FB0AB5003BD829 /* Hike.swift */; };
		049BAE9D29FB5D2D00F7B0B3 /* Assets.xcassets in Resources */ = {isa = PBXBuildFile; fileRef = 049C76E729FAB202003BD829 /* Assets.xcassets */; };
		049BAE9E29FB5D2D00F7B0B3 /* hikeData.json in Resources */ = {isa = PBXBuildFile; fileRef = 049C772F29FB0A9E003BD829 /* hikeData.json */; };
		049BAE9F29FB5D2D00F7B0B3 /* MapView.swift in Sources */ = {isa = PBXBuildFile; fileRef = 049C770F29FAB57D003BD829 /* MapView.swift */; };
		049BAEA029FB5D2D00F7B0B3 /* LandmarkList.swift in Sources */ = {isa = PBXBuildFile; fileRef = 049C771C29FABBA2003BD829 /* LandmarkList.swift */; };
		049BAEA129FB5D2D00F7B0B3 /* Landmark.swift in Sources */ = {isa = PBXBuildFile; fileRef = 049C771129FAB647003BD829 /* Landmark.swift */; };
		049BAEA229FB5D2D00F7B0B3 /* FavoriteButton.swift in Sources */ = {isa = PBXBuildFile; fileRef = 049C772029FAE7E1003BD829 /* FavoriteButton.swift */; };
		049BAEA329FB5D2D00F7B0B3 /* Landmarks_AFL3App.swift in Sources */ = {isa = PBXBuildFile; fileRef = 049C76E329FAB201003BD829 /* Landmarks_AFL3App.swift */; };
		049BAEA429FB5D2D00F7B0B3 /* CircleImage.swift in Sources */ = {isa = PBXBuildFile; fileRef = 049C770D29FAB4E5003BD829 /* CircleImage.swift */; };
		049BAEA529FB5D2D00F7B0B3 /* ModelData.swift in Sources */ = {isa = PBXBuildFile; fileRef = 049C771329FAB982003BD829 /* ModelData.swift */; };
		049BAEA629FB5D2D00F7B0B3 /* LandmarkRow.swift in Sources */ = {isa = PBXBuildFile; fileRef = 049C771A29FABAC4003BD829 /* LandmarkRow.swift */; };
		049BAEA929FB605400F7B0B3 /* LandmarkDetail.swift in Sources */ = {isa = PBXBuildFile; fileRef = 049BAEA829FB605400F7B0B3 /* LandmarkDetail.swift */; };
		049BAEAC29FB648300F7B0B3 /* LandmarkList.swift in Sources */ = {isa = PBXBuildFile; fileRef = 049C771C29FABBA2003BD829 /* LandmarkList.swift */; };
		049BAEAE29FB666300F7B0B3 /* LandmarkCommands.swift in Sources */ = {isa = PBXBuildFile; fileRef = 049BAEAD29FB666300F7B0B3 /* LandmarkCommands.swift */; };
		049BAEAF29FB666300F7B0B3 /* LandmarkCommands.swift in Sources */ = {isa = PBXBuildFile; fileRef = 049BAEAD29FB666300F7B0B3 /* LandmarkCommands.swift */; };
		049C76E429FAB201003BD829 /* Landmarks_AFL3App.swift in Sources */ = {isa = PBXBuildFile; fileRef = 049C76E329FAB201003BD829 /* Landmarks_AFL3App.swift */; };
		049C76E829FAB202003BD829 /* Assets.xcassets in Resources */ = {isa = PBXBuildFile; fileRef = 049C76E729FAB202003BD829 /* Assets.xcassets */; };
		049C76EB29FAB202003BD829 /* Preview Assets.xcassets in Resources */ = {isa = PBXBuildFile; fileRef = 049C76EA29FAB202003BD829 /* Preview Assets.xcassets */; };
		049C76F529FAB202003BD829 /* Landmarks_AFL3Tests.swift in Sources */ = {isa = PBXBuildFile; fileRef = 049C76F429FAB202003BD829 /* Landmarks_AFL3Tests.swift */; };
		049C76FF29FAB202003BD829 /* Landmarks_AFL3UITests.swift in Sources */ = {isa = PBXBuildFile; fileRef = 049C76FE29FAB202003BD829 /* Landmarks_AFL3UITests.swift */; };
		049C770129FAB202003BD829 /* Landmarks_AFL3UITestsLaunchTests.swift in Sources */ = {isa = PBXBuildFile; fileRef = 049C770029FAB202003BD829 /* Landmarks_AFL3UITestsLaunchTests.swift */; };
		049C770E29FAB4E5003BD829 /* CircleImage.swift in Sources */ = {isa = PBXBuildFile; fileRef = 049C770D29FAB4E5003BD829 /* CircleImage.swift */; };
		049C771029FAB57D003BD829 /* MapView.swift in Sources */ = {isa = PBXBuildFile; fileRef = 049C770F29FAB57D003BD829 /* MapView.swift */; };
		049C771229FAB647003BD829 /* Landmark.swift in Sources */ = {isa = PBXBuildFile; fileRef = 049C771129FAB647003BD829 /* Landmark.swift */; };
		049C771429FAB982003BD829 /* ModelData.swift in Sources */ = {isa = PBXBuildFile; fileRef = 049C771329FAB982003BD829 /* ModelData.swift */; };
		049C771929FABA1A003BD829 /* landmarkData.json in Resources */ = {isa = PBXBuildFile; fileRef = 049C771829FABA1A003BD829 /* landmarkData.json */; };
		049C771B29FABAC4003BD829 /* LandmarkRow.swift in Sources */ = {isa = PBXBuildFile; fileRef = 049C771A29FABAC4003BD829 /* LandmarkRow.swift */; };
		049C771F29FABC8F003BD829 /* LandmarkDetail.swift in Sources */ = {isa = PBXBuildFile; fileRef = 049C771E29FABC8F003BD829 /* LandmarkDetail.swift */; };
		049C772129FAE7E1003BD829 /* FavoriteButton.swift in Sources */ = {isa = PBXBuildFile; fileRef = 049C772029FAE7E1003BD829 /* FavoriteButton.swift */; };
		049C772529FB07C7003BD829 /* HexagonParameters.swift in Sources */ = {isa = PBXBuildFile; fileRef = 049C772429FB07C7003BD829 /* HexagonParameters.swift */; };
		049C772729FB080D003BD829 /* BadgeBackground.swift in Sources */ = {isa = PBXBuildFile; fileRef = 049C772629FB080D003BD829 /* BadgeBackground.swift */; };
		049C772929FB08D7003BD829 /* BadgeSymbol.swift in Sources */ = {isa = PBXBuildFile; fileRef = 049C772829FB08D7003BD829 /* BadgeSymbol.swift */; };
		049C772B29FB090A003BD829 /* RotatedBadgeSymbol.swift in Sources */ = {isa = PBXBuildFile; fileRef = 049C772A29FB090A003BD829 /* RotatedBadgeSymbol.swift */; };
		049C772D29FB0A2F003BD829 /* Badge.swift in Sources */ = {isa = PBXBuildFile; fileRef = 049C772C29FB0A2F003BD829 /* Badge.swift */; };
		049C773029FB0A9E003BD829 /* hikeData.json in Resources */ = {isa = PBXBuildFile; fileRef = 049C772F29FB0A9E003BD829 /* hikeData.json */; };
		049C773229FB0AB5003BD829 /* Hike.swift in Sources */ = {isa = PBXBuildFile; fileRef = 049C773129FB0AB5003BD829 /* Hike.swift */; };
		049C773B29FB0B46003BD829 /* GraphCapsule.swift in Sources */ = {isa = PBXBuildFile; fileRef = 049C773729FB0B46003BD829 /* GraphCapsule.swift */; };
		049C773C29FB0B46003BD829 /* HikeGraph.swift in Sources */ = {isa = PBXBuildFile; fileRef = 049C773829FB0B46003BD829 /* HikeGraph.swift */; };
		049C773D29FB0B46003BD829 /* HikeDetail.swift in Sources */ = {isa = PBXBuildFile; fileRef = 049C773929FB0B46003BD829 /* HikeDetail.swift */; };
		049C773E29FB0B46003BD829 /* HikeView.swift in Sources */ = {isa = PBXBuildFile; fileRef = 049C773A29FB0B46003BD829 /* HikeView.swift */; };
		049C774029FB0C40003BD829 /* ContentView.swift in Sources */ = {isa = PBXBuildFile; fileRef = 049C773F29FB0C40003BD829 /* ContentView.swift */; };
		049C774229FB3857003BD829 /* CategoryHome.swift in Sources */ = {isa = PBXBuildFile; fileRef = 049C774129FB3857003BD829 /* CategoryHome.swift */; };
		049C774429FB3992003BD829 /* CategoryRow.swift in Sources */ = {isa = PBXBuildFile; fileRef = 049C774329FB3992003BD829 /* CategoryRow.swift */; };
		049C774629FB3A1D003BD829 /* CategoryItem.swift in Sources */ = {isa = PBXBuildFile; fileRef = 049C774529FB3A1D003BD829 /* CategoryItem.swift */; };
		049C774829FB3B85003BD829 /* Profile.swift in Sources */ = {isa = PBXBuildFile; fileRef = 049C774729FB3B85003BD829 /* Profile.swift */; };
		049C774C29FB3BCD003BD829 /* ProfileHost.swift in Sources */ = {isa = PBXBuildFile; fileRef = 049C774B29FB3BCD003BD829 /* ProfileHost.swift */; };
		049C774E29FB3BEB003BD829 /* ProfileSummary.swift in Sources */ = {isa = PBXBuildFile; fileRef = 049C774D29FB3BEB003BD829 /* ProfileSummary.swift */; };
		049C775029FB3C33003BD829 /* HikeBadge.swift in Sources */ = {isa = PBXBuildFile; fileRef = 049C774F29FB3C33003BD829 /* HikeBadge.swift */; };
		049C775229FB3D4E003BD829 /* ProfileEditor.swift in Sources */ = {isa = PBXBuildFile; fileRef = 049C775129FB3D4E003BD829 /* ProfileEditor.swift */; };
		049C775529FB3E42003BD829 /* PageViewController.swift in Sources */ = {isa = PBXBuildFile; fileRef = 049C775429FB3E42003BD829 /* PageViewController.swift */; };
		049C775729FB3EC2003BD829 /* FeatureCard.swift in Sources */ = {isa = PBXBuildFile; fileRef = 049C775629FB3EC2003BD829 /* FeatureCard.swift */; };
		049C775929FB3F05003BD829 /* PageView.swift in Sources */ = {isa = PBXBuildFile; fileRef = 049C775829FB3F05003BD829 /* PageView.swift */; };
		049C775B29FB3FDE003BD829 /* PageControl.swift in Sources */ = {isa = PBXBuildFile; fileRef = 049C775A29FB3FDE003BD829 /* PageControl.swift */; };
/* End PBXBuildFile section */

/* Begin PBXContainerItemProxy section */
		049BAE8029FB5B9D00F7B0B3 /* PBXContainerItemProxy */ = {
			isa = PBXContainerItemProxy;
			containerPortal = 049C76D829FAB201003BD829 /* Project object */;
			proxyType = 1;
			remoteGlobalIDString = 049BAE6E29FB5B9C00F7B0B3;
			remoteInfo = MacLandmarks;
		};
		049BAE8A29FB5B9E00F7B0B3 /* PBXContainerItemProxy */ = {
			isa = PBXContainerItemProxy;
			containerPortal = 049C76D829FAB201003BD829 /* Project object */;
			proxyType = 1;
			remoteGlobalIDString = 049BAE6E29FB5B9C00F7B0B3;
			remoteInfo = MacLandmarks;
		};
		049C76F129FAB202003BD829 /* PBXContainerItemProxy */ = {
			isa = PBXContainerItemProxy;
			containerPortal = 049C76D829FAB201003BD829 /* Project object */;
			proxyType = 1;
			remoteGlobalIDString = 049C76DF29FAB201003BD829;
			remoteInfo = "Landmarks-AFL3";
		};
		049C76FB29FAB202003BD829 /* PBXContainerItemProxy */ = {
			isa = PBXContainerItemProxy;
			containerPortal = 049C76D829FAB201003BD829 /* Project object */;
			proxyType = 1;
			remoteGlobalIDString = 049C76DF29FAB201003BD829;
			remoteInfo = "Landmarks-AFL3";
		};
/* End PBXContainerItemProxy section */

/* Begin PBXCopyFilesBuildPhase section */
		049C778729FB4215003BD829 /* Embed Watch Content */ = {
			isa = PBXCopyFilesBuildPhase;
			buildActionMask = 2147483647;
			dstPath = "$(CONTENTS_FOLDER_PATH)/Watch";
			dstSubfolderSpec = 16;
			files = (
			);
			name = "Embed Watch Content";
			runOnlyForDeploymentPostprocessing = 0;
		};
/* End PBXCopyFilesBuildPhase section */

/* Begin PBXFileReference section */
		049BAE6F29FB5B9C00F7B0B3 /* MacLandmarks.app */ = {isa = PBXFileReference; explicitFileType = wrapper.application; includeInIndex = 0; path = MacLandmarks.app; sourceTree = BUILT_PRODUCTS_DIR; };
		049BAE7329FB5B9C00F7B0B3 /* ContentView.swift */ = {isa = PBXFileReference; lastKnownFileType = sourcecode.swift; path = ContentView.swift; sourceTree = "<group>"; };
		049BAE7529FB5B9D00F7B0B3 /* Assets.xcassets */ = {isa = PBXFileReference; lastKnownFileType = folder.assetcatalog; path = Assets.xcassets; sourceTree = "<group>"; };
		049BAE7829FB5B9D00F7B0B3 /* Preview Assets.xcassets */ = {isa = PBXFileReference; lastKnownFileType = folder.assetcatalog; path = "Preview Assets.xcassets"; sourceTree = "<group>"; };
		049BAE7A29FB5B9D00F7B0B3 /* MacLandmarks.entitlements */ = {isa = PBXFileReference; lastKnownFileType = text.plist.entitlements; path = MacLandmarks.entitlements; sourceTree = "<group>"; };
		049BAE7F29FB5B9D00F7B0B3 /* MacLandmarksTests.xctest */ = {isa = PBXFileReference; explicitFileType = wrapper.cfbundle; includeInIndex = 0; path = MacLandmarksTests.xctest; sourceTree = BUILT_PRODUCTS_DIR; };
		049BAE8329FB5B9D00F7B0B3 /* MacLandmarksTests.swift */ = {isa = PBXFileReference; lastKnownFileType = sourcecode.swift; path = MacLandmarksTests.swift; sourceTree = "<group>"; };
		049BAE8929FB5B9E00F7B0B3 /* MacLandmarksUITests.xctest */ = {isa = PBXFileReference; explicitFileType = wrapper.cfbundle; includeInIndex = 0; path = MacLandmarksUITests.xctest; sourceTree = BUILT_PRODUCTS_DIR; };
		049BAE8D29FB5B9E00F7B0B3 /* MacLandmarksUITests.swift */ = {isa = PBXFileReference; lastKnownFileType = sourcecode.swift; path = MacLandmarksUITests.swift; sourceTree = "<group>"; };
		049BAE8F29FB5B9E00F7B0B3 /* MacLandmarksUITestsLaunchTests.swift */ = {isa = PBXFileReference; lastKnownFileType = sourcecode.swift; path = MacLandmarksUITestsLaunchTests.swift; sourceTree = "<group>"; };
		049BAEA829FB605400F7B0B3 /* LandmarkDetail.swift */ = {isa = PBXFileReference; lastKnownFileType = sourcecode.swift; path = LandmarkDetail.swift; sourceTree = "<group>"; };
		049BAEAD29FB666300F7B0B3 /* LandmarkCommands.swift */ = {isa = PBXFileReference; lastKnownFileType = sourcecode.swift; path = LandmarkCommands.swift; sourceTree = "<group>"; };
		049C76E029FAB201003BD829 /* Landmarks-AFL3.app */ = {isa = PBXFileReference; explicitFileType = wrapper.application; includeInIndex = 0; path = "Landmarks-AFL3.app"; sourceTree = BUILT_PRODUCTS_DIR; };
		049C76E329FAB201003BD829 /* Landmarks_AFL3App.swift */ = {isa = PBXFileReference; lastKnownFileType = sourcecode.swift; path = Landmarks_AFL3App.swift; sourceTree = "<group>"; };
		049C76E729FAB202003BD829 /* Assets.xcassets */ = {isa = PBXFileReference; lastKnownFileType = folder.assetcatalog; path = Assets.xcassets; sourceTree = "<group>"; };
		049C76EA29FAB202003BD829 /* Preview Assets.xcassets */ = {isa = PBXFileReference; lastKnownFileType = folder.assetcatalog; path = "Preview Assets.xcassets"; sourceTree = "<group>"; };
		049C76F029FAB202003BD829 /* Landmarks-AFL3Tests.xctest */ = {isa = PBXFileReference; explicitFileType = wrapper.cfbundle; includeInIndex = 0; path = "Landmarks-AFL3Tests.xctest"; sourceTree = BUILT_PRODUCTS_DIR; };
		049C76F429FAB202003BD829 /* Landmarks_AFL3Tests.swift */ = {isa = PBXFileReference; lastKnownFileType = sourcecode.swift; path = Landmarks_AFL3Tests.swift; sourceTree = "<group>"; };
		049C76FA29FAB202003BD829 /* Landmarks-AFL3UITests.xctest */ = {isa = PBXFileReference; explicitFileType = wrapper.cfbundle; includeInIndex = 0; path = "Landmarks-AFL3UITests.xctest"; sourceTree = BUILT_PRODUCTS_DIR; };
		049C76FE29FAB202003BD829 /* Landmarks_AFL3UITests.swift */ = {isa = PBXFileReference; lastKnownFileType = sourcecode.swift; path = Landmarks_AFL3UITests.swift; sourceTree = "<group>"; };
		049C770029FAB202003BD829 /* Landmarks_AFL3UITestsLaunchTests.swift */ = {isa = PBXFileReference; lastKnownFileType = sourcecode.swift; path = Landmarks_AFL3UITestsLaunchTests.swift; sourceTree = "<group>"; };
		049C770D29FAB4E5003BD829 /* CircleImage.swift */ = {isa = PBXFileReference; lastKnownFileType = sourcecode.swift; path = CircleImage.swift; sourceTree = "<group>"; };
		049C770F29FAB57D003BD829 /* MapView.swift */ = {isa = PBXFileReference; lastKnownFileType = sourcecode.swift; path = MapView.swift; sourceTree = "<group>"; };
		049C771129FAB647003BD829 /* Landmark.swift */ = {isa = PBXFileReference; lastKnownFileType = sourcecode.swift; path = Landmark.swift; sourceTree = "<group>"; };
		049C771329FAB982003BD829 /* ModelData.swift */ = {isa = PBXFileReference; lastKnownFileType = sourcecode.swift; path = ModelData.swift; sourceTree = "<group>"; };
		049C771829FABA1A003BD829 /* landmarkData.json */ = {isa = PBXFileReference; fileEncoding = 4; lastKnownFileType = text.json; path = landmarkData.json; sourceTree = "<group>"; };
		049C771A29FABAC4003BD829 /* LandmarkRow.swift */ = {isa = PBXFileReference; lastKnownFileType = sourcecode.swift; path = LandmarkRow.swift; sourceTree = "<group>"; };
		049C771C29FABBA2003BD829 /* LandmarkList.swift */ = {isa = PBXFileReference; lastKnownFileType = sourcecode.swift; path = LandmarkList.swift; sourceTree = "<group>"; };
		049C771E29FABC8F003BD829 /* LandmarkDetail.swift */ = {isa = PBXFileReference; lastKnownFileType = sourcecode.swift; path = LandmarkDetail.swift; sourceTree = "<group>"; };
		049C772029FAE7E1003BD829 /* FavoriteButton.swift */ = {isa = PBXFileReference; lastKnownFileType = sourcecode.swift; path = FavoriteButton.swift; sourceTree = "<group>"; };
		049C772429FB07C7003BD829 /* HexagonParameters.swift */ = {isa = PBXFileReference; lastKnownFileType = sourcecode.swift; path = HexagonParameters.swift; sourceTree = "<group>"; };
		049C772629FB080D003BD829 /* BadgeBackground.swift */ = {isa = PBXFileReference; lastKnownFileType = sourcecode.swift; path = BadgeBackground.swift; sourceTree = "<group>"; };
		049C772829FB08D7003BD829 /* BadgeSymbol.swift */ = {isa = PBXFileReference; lastKnownFileType = sourcecode.swift; path = BadgeSymbol.swift; sourceTree = "<group>"; };
		049C772A29FB090A003BD829 /* RotatedBadgeSymbol.swift */ = {isa = PBXFileReference; lastKnownFileType = sourcecode.swift; path = RotatedBadgeSymbol.swift; sourceTree = "<group>"; };
		049C772C29FB0A2F003BD829 /* Badge.swift */ = {isa = PBXFileReference; lastKnownFileType = sourcecode.swift; path = Badge.swift; sourceTree = "<group>"; };
		049C772F29FB0A9E003BD829 /* hikeData.json */ = {isa = PBXFileReference; fileEncoding = 4; lastKnownFileType = text.json; path = hikeData.json; sourceTree = "<group>"; };
		049C773129FB0AB5003BD829 /* Hike.swift */ = {isa = PBXFileReference; lastKnownFileType = sourcecode.swift; path = Hike.swift; sourceTree = "<group>"; };
		049C773729FB0B46003BD829 /* GraphCapsule.swift */ = {isa = PBXFileReference; fileEncoding = 4; lastKnownFileType = sourcecode.swift; path = GraphCapsule.swift; sourceTree = "<group>"; };
		049C773829FB0B46003BD829 /* HikeGraph.swift */ = {isa = PBXFileReference; fileEncoding = 4; lastKnownFileType = sourcecode.swift; path = HikeGraph.swift; sourceTree = "<group>"; };
		049C773929FB0B46003BD829 /* HikeDetail.swift */ = {isa = PBXFileReference; fileEncoding = 4; lastKnownFileType = sourcecode.swift; path = HikeDetail.swift; sourceTree = "<group>"; };
		049C773A29FB0B46003BD829 /* HikeView.swift */ = {isa = PBXFileReference; fileEncoding = 4; lastKnownFileType = sourcecode.swift; path = HikeView.swift; sourceTree = "<group>"; };
		049C773F29FB0C40003BD829 /* ContentView.swift */ = {isa = PBXFileReference; fileEncoding = 4; lastKnownFileType = sourcecode.swift; path = ContentView.swift; sourceTree = "<group>"; };
		049C774129FB3857003BD829 /* CategoryHome.swift */ = {isa = PBXFileReference; lastKnownFileType = sourcecode.swift; path = CategoryHome.swift; sourceTree = "<group>"; };
		049C774329FB3992003BD829 /* CategoryRow.swift */ = {isa = PBXFileReference; lastKnownFileType = sourcecode.swift; path = CategoryRow.swift; sourceTree = "<group>"; };
		049C774529FB3A1D003BD829 /* CategoryItem.swift */ = {isa = PBXFileReference; lastKnownFileType = sourcecode.swift; path = CategoryItem.swift; sourceTree = "<group>"; };
		049C774729FB3B85003BD829 /* Profile.swift */ = {isa = PBXFileReference; lastKnownFileType = sourcecode.swift; path = Profile.swift; sourceTree = "<group>"; };
		049C774B29FB3BCD003BD829 /* ProfileHost.swift */ = {isa = PBXFileReference; lastKnownFileType = sourcecode.swift; path = ProfileHost.swift; sourceTree = "<group>"; };
		049C774D29FB3BEB003BD829 /* ProfileSummary.swift */ = {isa = PBXFileReference; lastKnownFileType = sourcecode.swift; path = ProfileSummary.swift; sourceTree = "<group>"; };
		049C774F29FB3C33003BD829 /* HikeBadge.swift */ = {isa = PBXFileReference; lastKnownFileType = sourcecode.swift; path = HikeBadge.swift; sourceTree = "<group>"; };
		049C775129FB3D4E003BD829 /* ProfileEditor.swift */ = {isa = PBXFileReference; lastKnownFileType = sourcecode.swift; path = ProfileEditor.swift; sourceTree = "<group>"; };
		049C775429FB3E42003BD829 /* PageViewController.swift */ = {isa = PBXFileReference; lastKnownFileType = sourcecode.swift; path = PageViewController.swift; sourceTree = "<group>"; };
		049C775629FB3EC2003BD829 /* FeatureCard.swift */ = {isa = PBXFileReference; lastKnownFileType = sourcecode.swift; path = FeatureCard.swift; sourceTree = "<group>"; };
		049C775829FB3F05003BD829 /* PageView.swift */ = {isa = PBXFileReference; lastKnownFileType = sourcecode.swift; path = PageView.swift; sourceTree = "<group>"; };
		049C775A29FB3FDE003BD829 /* PageControl.swift */ = {isa = PBXFileReference; lastKnownFileType = sourcecode.swift; path = PageControl.swift; sourceTree = "<group>"; };
/* End PBXFileReference section */

/* Begin PBXFrameworksBuildPhase section */
		049BAE6C29FB5B9C00F7B0B3 /* Frameworks */ = {
			isa = PBXFrameworksBuildPhase;
			buildActionMask = 2147483647;
			files = (
			);
			runOnlyForDeploymentPostprocessing = 0;
		};
		049BAE7C29FB5B9D00F7B0B3 /* Frameworks */ = {
			isa = PBXFrameworksBuildPhase;
			buildActionMask = 2147483647;
			files = (
			);
			runOnlyForDeploymentPostprocessing = 0;
		};
		049BAE8629FB5B9E00F7B0B3 /* Frameworks */ = {
			isa = PBXFrameworksBuildPhase;
			buildActionMask = 2147483647;
			files = (
			);
			runOnlyForDeploymentPostprocessing = 0;
		};
		049C76DD29FAB201003BD829 /* Frameworks */ = {
			isa = PBXFrameworksBuildPhase;
			buildActionMask = 2147483647;
			files = (
			);
			runOnlyForDeploymentPostprocessing = 0;
		};
		049C76ED29FAB202003BD829 /* Frameworks */ = {
			isa = PBXFrameworksBuildPhase;
			buildActionMask = 2147483647;
			files = (
			);
			runOnlyForDeploymentPostprocessing = 0;
		};
		049C76F729FAB202003BD829 /* Frameworks */ = {
			isa = PBXFrameworksBuildPhase;
			buildActionMask = 2147483647;
			files = (
			);
			runOnlyForDeploymentPostprocessing = 0;
		};
/* End PBXFrameworksBuildPhase section */

/* Begin PBXGroup section */
		049BAE7029FB5B9C00F7B0B3 /* MacLandmarks */ = {
			isa = PBXGroup;
			children = (
				049BAE7329FB5B9C00F7B0B3 /* ContentView.swift */,
				049BAE7529FB5B9D00F7B0B3 /* Assets.xcassets */,
				049BAE7A29FB5B9D00F7B0B3 /* MacLandmarks.entitlements */,
				049BAE7729FB5B9D00F7B0B3 /* Preview Content */,
				049BAEA829FB605400F7B0B3 /* LandmarkDetail.swift */,
				049BAEAD29FB666300F7B0B3 /* LandmarkCommands.swift */,
			);
			path = MacLandmarks;
			sourceTree = "<group>";
		};
		049BAE7729FB5B9D00F7B0B3 /* Preview Content */ = {
			isa = PBXGroup;
			children = (
				049BAE7829FB5B9D00F7B0B3 /* Preview Assets.xcassets */,
			);
			path = "Preview Content";
			sourceTree = "<group>";
		};
		049BAE8229FB5B9D00F7B0B3 /* MacLandmarksTests */ = {
			isa = PBXGroup;
			children = (
				049BAE8329FB5B9D00F7B0B3 /* MacLandmarksTests.swift */,
			);
			path = MacLandmarksTests;
			sourceTree = "<group>";
		};
		049BAE8C29FB5B9E00F7B0B3 /* MacLandmarksUITests */ = {
			isa = PBXGroup;
			children = (
				049BAE8D29FB5B9E00F7B0B3 /* MacLandmarksUITests.swift */,
				049BAE8F29FB5B9E00F7B0B3 /* MacLandmarksUITestsLaunchTests.swift */,
			);
			path = MacLandmarksUITests;
			sourceTree = "<group>";
		};
		049C76D729FAB201003BD829 = {
			isa = PBXGroup;
			children = (
				049C76E229FAB201003BD829 /* Landmarks-AFL3 */,
				049C76F329FAB202003BD829 /* Landmarks-AFL3Tests */,
				049C76FD29FAB202003BD829 /* Landmarks-AFL3UITests */,
				049BAE7029FB5B9C00F7B0B3 /* MacLandmarks */,
				049BAE8229FB5B9D00F7B0B3 /* MacLandmarksTests */,
				049BAE8C29FB5B9E00F7B0B3 /* MacLandmarksUITests */,
				049C76E129FAB201003BD829 /* Products */,
			);
			sourceTree = "<group>";
		};
		049C76E129FAB201003BD829 /* Products */ = {
			isa = PBXGroup;
			children = (
				049C76E029FAB201003BD829 /* Landmarks-AFL3.app */,
				049C76F029FAB202003BD829 /* Landmarks-AFL3Tests.xctest */,
				049C76FA29FAB202003BD829 /* Landmarks-AFL3UITests.xctest */,
				049BAE6F29FB5B9C00F7B0B3 /* MacLandmarks.app */,
				049BAE7F29FB5B9D00F7B0B3 /* MacLandmarksTests.xctest */,
				049BAE8929FB5B9E00F7B0B3 /* MacLandmarksUITests.xctest */,
			);
			name = Products;
			sourceTree = "<group>";
		};
		049C76E229FAB201003BD829 /* Landmarks-AFL3 */ = {
			isa = PBXGroup;
			children = (
				049C775329FB3E26003BD829 /* PageView */,
				049C771729FAB9C8003BD829 /* Resources */,
				049C771629FAB9B2003BD829 /* Model */,
				049C771529FAB9A2003BD829 /* Views */,
				049C773F29FB0C40003BD829 /* ContentView.swift */,
				049C76E329FAB201003BD829 /* Landmarks_AFL3App.swift */,
				049C76E729FAB202003BD829 /* Assets.xcassets */,
				049C76E929FAB202003BD829 /* Preview Content */,
			);
			path = "Landmarks-AFL3";
			sourceTree = "<group>";
		};
		049C76E929FAB202003BD829 /* Preview Content */ = {
			isa = PBXGroup;
			children = (
				049C76EA29FAB202003BD829 /* Preview Assets.xcassets */,
			);
			path = "Preview Content";
			sourceTree = "<group>";
		};
		049C76F329FAB202003BD829 /* Landmarks-AFL3Tests */ = {
			isa = PBXGroup;
			children = (
				049C76F429FAB202003BD829 /* Landmarks_AFL3Tests.swift */,
			);
			path = "Landmarks-AFL3Tests";
			sourceTree = "<group>";
		};
		049C76FD29FAB202003BD829 /* Landmarks-AFL3UITests */ = {
			isa = PBXGroup;
			children = (
				049C76FE29FAB202003BD829 /* Landmarks_AFL3UITests.swift */,
				049C770029FAB202003BD829 /* Landmarks_AFL3UITestsLaunchTests.swift */,
			);
			path = "Landmarks-AFL3UITests";
			sourceTree = "<group>";
		};
		049C771529FAB9A2003BD829 /* Views */ = {
			isa = PBXGroup;
			children = (
				049C772229FAE817003BD829 /* Landmarks */,
				049C772329FAE83A003BD829 /* Helpers */,
				049C772E29FB0A49003BD829 /* Badges */,
				049C773629FB0B46003BD829 /* Hikes */,
				049C774129FB3857003BD829 /* CategoryHome.swift */,
				049C774329FB3992003BD829 /* CategoryRow.swift */,
				049C774529FB3A1D003BD829 /* CategoryItem.swift */,
				049C774B29FB3BCD003BD829 /* ProfileHost.swift */,
				049C774D29FB3BEB003BD829 /* ProfileSummary.swift */,
				049C775129FB3D4E003BD829 /* ProfileEditor.swift */,
				049C775629FB3EC2003BD829 /* FeatureCard.swift */,
			);
			path = Views;
			sourceTree = "<group>";
		};
		049C771629FAB9B2003BD829 /* Model */ = {
			isa = PBXGroup;
			children = (
				049C771329FAB982003BD829 /* ModelData.swift */,
				049C771129FAB647003BD829 /* Landmark.swift */,
				049C773129FB0AB5003BD829 /* Hike.swift */,
				049C774729FB3B85003BD829 /* Profile.swift */,
			);
			path = Model;
			sourceTree = "<group>";
		};
		049C771729FAB9C8003BD829 /* Resources */ = {
			isa = PBXGroup;
			children = (
				049C772F29FB0A9E003BD829 /* hikeData.json */,
				049C771829FABA1A003BD829 /* landmarkData.json */,
			);
			path = Resources;
			sourceTree = "<group>";
		};
		049C772229FAE817003BD829 /* Landmarks */ = {
			isa = PBXGroup;
			children = (
				049C771C29FABBA2003BD829 /* LandmarkList.swift */,
				049C771A29FABAC4003BD829 /* LandmarkRow.swift */,
				049C771E29FABC8F003BD829 /* LandmarkDetail.swift */,
			);
			path = Landmarks;
			sourceTree = "<group>";
		};
		049C772329FAE83A003BD829 /* Helpers */ = {
			isa = PBXGroup;
			children = (
				049C770D29FAB4E5003BD829 /* CircleImage.swift */,
				049C770F29FAB57D003BD829 /* MapView.swift */,
				049C772029FAE7E1003BD829 /* FavoriteButton.swift */,
			);
			path = Helpers;
			sourceTree = "<group>";
		};
		049C772E29FB0A49003BD829 /* Badges */ = {
			isa = PBXGroup;
			children = (
				049C772629FB080D003BD829 /* BadgeBackground.swift */,
				049C772829FB08D7003BD829 /* BadgeSymbol.swift */,
				049C772A29FB090A003BD829 /* RotatedBadgeSymbol.swift */,
				049C772C29FB0A2F003BD829 /* Badge.swift */,
				049C772429FB07C7003BD829 /* HexagonParameters.swift */,
			);
			path = Badges;
			sourceTree = "<group>";
		};
		049C773629FB0B46003BD829 /* Hikes */ = {
			isa = PBXGroup;
			children = (
				049C773729FB0B46003BD829 /* GraphCapsule.swift */,
				049C773829FB0B46003BD829 /* HikeGraph.swift */,
				049C773929FB0B46003BD829 /* HikeDetail.swift */,
				049C773A29FB0B46003BD829 /* HikeView.swift */,
				049C774F29FB3C33003BD829 /* HikeBadge.swift */,
			);
			path = Hikes;
			sourceTree = "<group>";
		};
		049C775329FB3E26003BD829 /* PageView */ = {
			isa = PBXGroup;
			children = (
				049C775429FB3E42003BD829 /* PageViewController.swift */,
				049C775829FB3F05003BD829 /* PageView.swift */,
				049C775A29FB3FDE003BD829 /* PageControl.swift */,
			);
			path = PageView;
			sourceTree = "<group>";
		};
/* End PBXGroup section */

/* Begin PBXNativeTarget section */
		049BAE6E29FB5B9C00F7B0B3 /* MacLandmarks */ = {
			isa = PBXNativeTarget;
			buildConfigurationList = 049BAE9129FB5B9E00F7B0B3 /* Build configuration list for PBXNativeTarget "MacLandmarks" */;
			buildPhases = (
				049BAE6B29FB5B9C00F7B0B3 /* Sources */,
				049BAE6C29FB5B9C00F7B0B3 /* Frameworks */,
				049BAE6D29FB5B9C00F7B0B3 /* Resources */,
			);
			buildRules = (
			);
			dependencies = (
			);
			name = MacLandmarks;
			productName = MacLandmarks;
			productReference = 049BAE6F29FB5B9C00F7B0B3 /* MacLandmarks.app */;
			productType = "com.apple.product-type.application";
		};
		049BAE7E29FB5B9D00F7B0B3 /* MacLandmarksTests */ = {
			isa = PBXNativeTarget;
			buildConfigurationList = 049BAE9429FB5B9E00F7B0B3 /* Build configuration list for PBXNativeTarget "MacLandmarksTests" */;
			buildPhases = (
				049BAE7B29FB5B9D00F7B0B3 /* Sources */,
				049BAE7C29FB5B9D00F7B0B3 /* Frameworks */,
				049BAE7D29FB5B9D00F7B0B3 /* Resources */,
			);
			buildRules = (
			);
			dependencies = (
				049BAE8129FB5B9D00F7B0B3 /* PBXTargetDependency */,
			);
			name = MacLandmarksTests;
			productName = MacLandmarksTests;
			productReference = 049BAE7F29FB5B9D00F7B0B3 /* MacLandmarksTests.xctest */;
			productType = "com.apple.product-type.bundle.unit-test";
		};
		049BAE8829FB5B9E00F7B0B3 /* MacLandmarksUITests */ = {
			isa = PBXNativeTarget;
			buildConfigurationList = 049BAE9729FB5B9E00F7B0B3 /* Build configuration list for PBXNativeTarget "MacLandmarksUITests" */;
			buildPhases = (
				049BAE8529FB5B9E00F7B0B3 /* Sources */,
				049BAE8629FB5B9E00F7B0B3 /* Frameworks */,
				049BAE8729FB5B9E00F7B0B3 /* Resources */,
			);
			buildRules = (
			);
			dependencies = (
				049BAE8B29FB5B9E00F7B0B3 /* PBXTargetDependency */,
			);
			name = MacLandmarksUITests;
			productName = MacLandmarksUITests;
			productReference = 049BAE8929FB5B9E00F7B0B3 /* MacLandmarksUITests.xctest */;
			productType = "com.apple.product-type.bundle.ui-testing";
		};
		049C76DF29FAB201003BD829 /* Landmarks-AFL3 */ = {
			isa = PBXNativeTarget;
			buildConfigurationList = 049C770429FAB202003BD829 /* Build configuration list for PBXNativeTarget "Landmarks-AFL3" */;
			buildPhases = (
				049C76DC29FAB201003BD829 /* Sources */,
				049C76DD29FAB201003BD829 /* Frameworks */,
				049C76DE29FAB201003BD829 /* Resources */,
				049C778729FB4215003BD829 /* Embed Watch Content */,
			);
			buildRules = (
			);
			dependencies = (
			);
			name = "Landmarks-AFL3";
			productName = "Landmarks-AFL3";
			productReference = 049C76E029FAB201003BD829 /* Landmarks-AFL3.app */;
			productType = "com.apple.product-type.application";
		};
		049C76EF29FAB202003BD829 /* Landmarks-AFL3Tests */ = {
			isa = PBXNativeTarget;
			buildConfigurationList = 049C770729FAB202003BD829 /* Build configuration list for PBXNativeTarget "Landmarks-AFL3Tests" */;
			buildPhases = (
				049C76EC29FAB202003BD829 /* Sources */,
				049C76ED29FAB202003BD829 /* Frameworks */,
				049C76EE29FAB202003BD829 /* Resources */,
			);
			buildRules = (
			);
			dependencies = (
				049C76F229FAB202003BD829 /* PBXTargetDependency */,
			);
			name = "Landmarks-AFL3Tests";
			productName = "Landmarks-AFL3Tests";
			productReference = 049C76F029FAB202003BD829 /* Landmarks-AFL3Tests.xctest */;
			productType = "com.apple.product-type.bundle.unit-test";
		};
		049C76F929FAB202003BD829 /* Landmarks-AFL3UITests */ = {
			isa = PBXNativeTarget;
			buildConfigurationList = 049C770A29FAB202003BD829 /* Build configuration list for PBXNativeTarget "Landmarks-AFL3UITests" */;
			buildPhases = (
				049C76F629FAB202003BD829 /* Sources */,
				049C76F729FAB202003BD829 /* Frameworks */,
				049C76F829FAB202003BD829 /* Resources */,
			);
			buildRules = (
			);
			dependencies = (
				049C76FC29FAB202003BD829 /* PBXTargetDependency */,
			);
			name = "Landmarks-AFL3UITests";
			productName = "Landmarks-AFL3UITests";
			productReference = 049C76FA29FAB202003BD829 /* Landmarks-AFL3UITests.xctest */;
			productType = "com.apple.product-type.bundle.ui-testing";
		};
/* End PBXNativeTarget section */

/* Begin PBXProject section */
		049C76D829FAB201003BD829 /* Project object */ = {
			isa = PBXProject;
			attributes = {
				BuildIndependentTargetsInParallel = 1;
				LastSwiftUpdateCheck = 1420;
				LastUpgradeCheck = 1420;
				TargetAttributes = {
					049BAE6E29FB5B9C00F7B0B3 = {
						CreatedOnToolsVersion = 14.2;
					};
					049BAE7E29FB5B9D00F7B0B3 = {
						CreatedOnToolsVersion = 14.2;
						TestTargetID = 049BAE6E29FB5B9C00F7B0B3;
					};
					049BAE8829FB5B9E00F7B0B3 = {
						CreatedOnToolsVersion = 14.2;
						TestTargetID = 049BAE6E29FB5B9C00F7B0B3;
					};
					049C76DF29FAB201003BD829 = {
						CreatedOnToolsVersion = 14.2;
					};
					049C76EF29FAB202003BD829 = {
						CreatedOnToolsVersion = 14.2;
						TestTargetID = 049C76DF29FAB201003BD829;
					};
					049C76F929FAB202003BD829 = {
						CreatedOnToolsVersion = 14.2;
						TestTargetID = 049C76DF29FAB201003BD829;
					};
				};
			};
			buildConfigurationList = 049C76DB29FAB201003BD829 /* Build configuration list for PBXProject "Landmarks-AFL3" */;
			compatibilityVersion = "Xcode 14.0";
			developmentRegion = en;
			hasScannedForEncodings = 0;
			knownRegions = (
				en,
				Base,
			);
			mainGroup = 049C76D729FAB201003BD829;
			productRefGroup = 049C76E129FAB201003BD829 /* Products */;
			projectDirPath = "";
			projectRoot = "";
			targets = (
				049C76DF29FAB201003BD829 /* Landmarks-AFL3 */,
				049C76EF29FAB202003BD829 /* Landmarks-AFL3Tests */,
				049C76F929FAB202003BD829 /* Landmarks-AFL3UITests */,
				049BAE6E29FB5B9C00F7B0B3 /* MacLandmarks */,
				049BAE7E29FB5B9D00F7B0B3 /* MacLandmarksTests */,
				049BAE8829FB5B9E00F7B0B3 /* MacLandmarksUITests */,
			);
		};
/* End PBXProject section */

/* Begin PBXResourcesBuildPhase section */
		049BAE6D29FB5B9C00F7B0B3 /* Resources */ = {
			isa = PBXResourcesBuildPhase;
			buildActionMask = 2147483647;
			files = (
				049BAE7929FB5B9D00F7B0B3 /* Preview Assets.xcassets in Resources */,
				049BAE7629FB5B9D00F7B0B3 /* Assets.xcassets in Resources */,
				049BAE9D29FB5D2D00F7B0B3 /* Assets.xcassets in Resources */,
				049BAE9A29FB5D2D00F7B0B3 /* landmarkData.json in Resources */,
				049BAE9E29FB5D2D00F7B0B3 /* hikeData.json in Resources */,
			);
			runOnlyForDeploymentPostprocessing = 0;
		};
		049BAE7D29FB5B9D00F7B0B3 /* Resources */ = {
			isa = PBXResourcesBuildPhase;
			buildActionMask = 2147483647;
			files = (
			);
			runOnlyForDeploymentPostprocessing = 0;
		};
		049BAE8729FB5B9E00F7B0B3 /* Resources */ = {
			isa = PBXResourcesBuildPhase;
			buildActionMask = 2147483647;
			files = (
			);
			runOnlyForDeploymentPostprocessing = 0;
		};
		049C76DE29FAB201003BD829 /* Resources */ = {
			isa = PBXResourcesBuildPhase;
			buildActionMask = 2147483647;
			files = (
				049C773029FB0A9E003BD829 /* hikeData.json in Resources */,
				049C76EB29FAB202003BD829 /* Preview Assets.xcassets in Resources */,
				049C76E829FAB202003BD829 /* Assets.xcassets in Resources */,
				049C771929FABA1A003BD829 /* landmarkData.json in Resources */,
			);
			runOnlyForDeploymentPostprocessing = 0;
		};
		049C76EE29FAB202003BD829 /* Resources */ = {
			isa = PBXResourcesBuildPhase;
			buildActionMask = 2147483647;
			files = (
			);
			runOnlyForDeploymentPostprocessing = 0;
		};
		049C76F829FAB202003BD829 /* Resources */ = {
			isa = PBXResourcesBuildPhase;
			buildActionMask = 2147483647;
			files = (
			);
			runOnlyForDeploymentPostprocessing = 0;
		};
/* End PBXResourcesBuildPhase section */

/* Begin PBXSourcesBuildPhase section */
		049BAE6B29FB5B9C00F7B0B3 /* Sources */ = {
			isa = PBXSourcesBuildPhase;
			buildActionMask = 2147483647;
			files = (
				049BAE9C29FB5D2D00F7B0B3 /* Hike.swift in Sources */,
				049BAE9F29FB5D2D00F7B0B3 /* MapView.swift in Sources */,
				049BAE7429FB5B9C00F7B0B3 /* ContentView.swift in Sources */,
				049BAE9B29FB5D2D00F7B0B3 /* Profile.swift in Sources */,
				049BAEAF29FB666300F7B0B3 /* LandmarkCommands.swift in Sources */,
				049BAEA929FB605400F7B0B3 /* LandmarkDetail.swift in Sources */,
				049BAEA229FB5D2D00F7B0B3 /* FavoriteButton.swift in Sources */,
				049BAEA429FB5D2D00F7B0B3 /* CircleImage.swift in Sources */,
				049BAEA329FB5D2D00F7B0B3 /* Landmarks_AFL3App.swift in Sources */,
				049BAEA529FB5D2D00F7B0B3 /* ModelData.swift in Sources */,
				049BAEA629FB5D2D00F7B0B3 /* LandmarkRow.swift in Sources */,
				049BAEA029FB5D2D00F7B0B3 /* LandmarkList.swift in Sources */,
				049BAEA129FB5D2D00F7B0B3 /* Landmark.swift in Sources */,
			);
			runOnlyForDeploymentPostprocessing = 0;
		};
		049BAE7B29FB5B9D00F7B0B3 /* Sources */ = {
			isa = PBXSourcesBuildPhase;
			buildActionMask = 2147483647;
			files = (
				049BAE8429FB5B9D00F7B0B3 /* MacLandmarksTests.swift in Sources */,
			);
			runOnlyForDeploymentPostprocessing = 0;
		};
		049BAE8529FB5B9E00F7B0B3 /* Sources */ = {
			isa = PBXSourcesBuildPhase;
			buildActionMask = 2147483647;
			files = (
				049BAE9029FB5B9E00F7B0B3 /* MacLandmarksUITestsLaunchTests.swift in Sources */,
				049BAE8E29FB5B9E00F7B0B3 /* MacLandmarksUITests.swift in Sources */,
			);
			runOnlyForDeploymentPostprocessing = 0;
		};
		049C76DC29FAB201003BD829 /* Sources */ = {
			isa = PBXSourcesBuildPhase;
			buildActionMask = 2147483647;
			files = (
				049C774429FB3992003BD829 /* CategoryRow.swift in Sources */,
				049C774829FB3B85003BD829 /* Profile.swift in Sources */,
				049BAEAE29FB666300F7B0B3 /* LandmarkCommands.swift in Sources */,
				049C772D29FB0A2F003BD829 /* Badge.swift in Sources */,
				049C774229FB3857003BD829 /* CategoryHome.swift in Sources */,
				049C775729FB3EC2003BD829 /* FeatureCard.swift in Sources */,
				049C771029FAB57D003BD829 /* MapView.swift in Sources */,
				049C76E429FAB201003BD829 /* Landmarks_AFL3App.swift in Sources */,
				049C772129FAE7E1003BD829 /* FavoriteButton.swift in Sources */,
				049C773E29FB0B46003BD829 /* HikeView.swift in Sources */,
				049C772529FB07C7003BD829 /* HexagonParameters.swift in Sources */,
				049C775B29FB3FDE003BD829 /* PageControl.swift in Sources */,
				049C774029FB0C40003BD829 /* ContentView.swift in Sources */,
				049C774629FB3A1D003BD829 /* CategoryItem.swift in Sources */,
				049C773229FB0AB5003BD829 /* Hike.swift in Sources */,
				049C774E29FB3BEB003BD829 /* ProfileSummary.swift in Sources */,
				049C772B29FB090A003BD829 /* RotatedBadgeSymbol.swift in Sources */,
				049C774C29FB3BCD003BD829 /* ProfileHost.swift in Sources */,
				049C772929FB08D7003BD829 /* BadgeSymbol.swift in Sources */,
				049C775929FB3F05003BD829 /* PageView.swift in Sources */,
				049BAEAC29FB648300F7B0B3 /* LandmarkList.swift in Sources */,
				049C771F29FABC8F003BD829 /* LandmarkDetail.swift in Sources */,
				049C775229FB3D4E003BD829 /* ProfileEditor.swift in Sources */,
				049C772729FB080D003BD829 /* BadgeBackground.swift in Sources */,
				049C773D29FB0B46003BD829 /* HikeDetail.swift in Sources */,
				049C770E29FAB4E5003BD829 /* CircleImage.swift in Sources */,
				049C775529FB3E42003BD829 /* PageViewController.swift in Sources */,
				049C773B29FB0B46003BD829 /* GraphCapsule.swift in Sources */,
				049C775029FB3C33003BD829 /* HikeBadge.swift in Sources */,
				049C771229FAB647003BD829 /* Landmark.swift in Sources */,
				049C771B29FABAC4003BD829 /* LandmarkRow.swift in Sources */,
				049C771429FAB982003BD829 /* ModelData.swift in Sources */,
				049C773C29FB0B46003BD829 /* HikeGraph.swift in Sources */,
			);
			runOnlyForDeploymentPostprocessing = 0;
		};
		049C76EC29FAB202003BD829 /* Sources */ = {
			isa = PBXSourcesBuildPhase;
			buildActionMask = 2147483647;
			files = (
				049C76F529FAB202003BD829 /* Landmarks_AFL3Tests.swift in Sources */,
			);
			runOnlyForDeploymentPostprocessing = 0;
		};
		049C76F629FAB202003BD829 /* Sources */ = {
			isa = PBXSourcesBuildPhase;
			buildActionMask = 2147483647;
			files = (
				049C770129FAB202003BD829 /* Landmarks_AFL3UITestsLaunchTests.swift in Sources */,
				049C76FF29FAB202003BD829 /* Landmarks_AFL3UITests.swift in Sources */,
			);
			runOnlyForDeploymentPostprocessing = 0;
		};
/* End PBXSourcesBuildPhase section */

/* Begin PBXTargetDependency section */
		049BAE8129FB5B9D00F7B0B3 /* PBXTargetDependency */ = {
			isa = PBXTargetDependency;
			target = 049BAE6E29FB5B9C00F7B0B3 /* MacLandmarks */;
			targetProxy = 049BAE8029FB5B9D00F7B0B3 /* PBXContainerItemProxy */;
		};
		049BAE8B29FB5B9E00F7B0B3 /* PBXTargetDependency */ = {
			isa = PBXTargetDependency;
			target = 049BAE6E29FB5B9C00F7B0B3 /* MacLandmarks */;
			targetProxy = 049BAE8A29FB5B9E00F7B0B3 /* PBXContainerItemProxy */;
		};
		049C76F229FAB202003BD829 /* PBXTargetDependency */ = {
			isa = PBXTargetDependency;
			target = 049C76DF29FAB201003BD829 /* Landmarks-AFL3 */;
			targetProxy = 049C76F129FAB202003BD829 /* PBXContainerItemProxy */;
		};
		049C76FC29FAB202003BD829 /* PBXTargetDependency */ = {
			isa = PBXTargetDependency;
			target = 049C76DF29FAB201003BD829 /* Landmarks-AFL3 */;
			targetProxy = 049C76FB29FAB202003BD829 /* PBXContainerItemProxy */;
		};
/* End PBXTargetDependency section */

/* Begin XCBuildConfiguration section */
		049BAE9229FB5B9E00F7B0B3 /* Debug */ = {
			isa = XCBuildConfiguration;
			buildSettings = {
				ASSETCATALOG_COMPILER_APPICON_NAME = AppIcon;
				ASSETCATALOG_COMPILER_GLOBAL_ACCENT_COLOR_NAME = AccentColor;
				CODE_SIGN_ENTITLEMENTS = MacLandmarks/MacLandmarks.entitlements;
				CODE_SIGN_STYLE = Automatic;
				COMBINE_HIDPI_IMAGES = YES;
				CURRENT_PROJECT_VERSION = 1;
				DEVELOPMENT_ASSET_PATHS = "\"MacLandmarks/Preview Content\"";
				DEVELOPMENT_TEAM = ZRV56NLNS6;
				ENABLE_HARDENED_RUNTIME = YES;
				ENABLE_PREVIEWS = YES;
				GENERATE_INFOPLIST_FILE = YES;
				INFOPLIST_KEY_NSHumanReadableCopyright = "";
				LD_RUNPATH_SEARCH_PATHS = (
					"$(inherited)",
					"@executable_path/../Frameworks",
				);
				MACOSX_DEPLOYMENT_TARGET = 13.1;
				MARKETING_VERSION = 1.0;
				PRODUCT_BUNDLE_IDENTIFIER = MAD.MacLandmarks;
				PRODUCT_NAME = "$(TARGET_NAME)";
				SDKROOT = macosx;
				SWIFT_EMIT_LOC_STRINGS = YES;
				SWIFT_VERSION = 5.0;
			};
			name = Debug;
		};
		049BAE9329FB5B9E00F7B0B3 /* Release */ = {
			isa = XCBuildConfiguration;
			buildSettings = {
				ASSETCATALOG_COMPILER_APPICON_NAME = AppIcon;
				ASSETCATALOG_COMPILER_GLOBAL_ACCENT_COLOR_NAME = AccentColor;
				CODE_SIGN_ENTITLEMENTS = MacLandmarks/MacLandmarks.entitlements;
				CODE_SIGN_STYLE = Automatic;
				COMBINE_HIDPI_IMAGES = YES;
				CURRENT_PROJECT_VERSION = 1;
				DEVELOPMENT_ASSET_PATHS = "\"MacLandmarks/Preview Content\"";
				DEVELOPMENT_TEAM = ZRV56NLNS6;
				ENABLE_HARDENED_RUNTIME = YES;
				ENABLE_PREVIEWS = YES;
				GENERATE_INFOPLIST_FILE = YES;
				INFOPLIST_KEY_NSHumanReadableCopyright = "";
				LD_RUNPATH_SEARCH_PATHS = (
					"$(inherited)",
					"@executable_path/../Frameworks",
				);
				MACOSX_DEPLOYMENT_TARGET = 13.1;
				MARKETING_VERSION = 1.0;
				PRODUCT_BUNDLE_IDENTIFIER = MAD.MacLandmarks;
				PRODUCT_NAME = "$(TARGET_NAME)";
				SDKROOT = macosx;
				SWIFT_EMIT_LOC_STRINGS = YES;
				SWIFT_VERSION = 5.0;
			};
			name = Release;
		};
		049BAE9529FB5B9E00F7B0B3 /* Debug */ = {
			isa = XCBuildConfiguration;
			buildSettings = {
				ALWAYS_EMBED_SWIFT_STANDARD_LIBRARIES = YES;
				BUNDLE_LOADER = "$(TEST_HOST)";
				CODE_SIGN_STYLE = Automatic;
				CURRENT_PROJECT_VERSION = 1;
				DEVELOPMENT_TEAM = ZRV56NLNS6;
				GENERATE_INFOPLIST_FILE = YES;
				MACOSX_DEPLOYMENT_TARGET = 13.1;
				MARKETING_VERSION = 1.0;
				PRODUCT_BUNDLE_IDENTIFIER = MAD.MacLandmarksTests;
				PRODUCT_NAME = "$(TARGET_NAME)";
				SDKROOT = macosx;
				SWIFT_EMIT_LOC_STRINGS = NO;
				SWIFT_VERSION = 5.0;
				TEST_HOST = "$(BUILT_PRODUCTS_DIR)/MacLandmarks.app/$(BUNDLE_EXECUTABLE_FOLDER_PATH)/MacLandmarks";
			};
			name = Debug;
		};
		049BAE9629FB5B9E00F7B0B3 /* Release */ = {
			isa = XCBuildConfiguration;
			buildSettings = {
				ALWAYS_EMBED_SWIFT_STANDARD_LIBRARIES = YES;
				BUNDLE_LOADER = "$(TEST_HOST)";
				CODE_SIGN_STYLE = Automatic;
				CURRENT_PROJECT_VERSION = 1;
				DEVELOPMENT_TEAM = ZRV56NLNS6;
				GENERATE_INFOPLIST_FILE = YES;
				MACOSX_DEPLOYMENT_TARGET = 13.1;
				MARKETING_VERSION = 1.0;
				PRODUCT_BUNDLE_IDENTIFIER = MAD.MacLandmarksTests;
				PRODUCT_NAME = "$(TARGET_NAME)";
				SDKROOT = macosx;
				SWIFT_EMIT_LOC_STRINGS = NO;
				SWIFT_VERSION = 5.0;
				TEST_HOST = "$(BUILT_PRODUCTS_DIR)/MacLandmarks.app/$(BUNDLE_EXECUTABLE_FOLDER_PATH)/MacLandmarks";
			};
			name = Release;
		};
		049BAE9829FB5B9E00F7B0B3 /* Debug */ = {
			isa = XCBuildConfiguration;
			buildSettings = {
				ALWAYS_EMBED_SWIFT_STANDARD_LIBRARIES = YES;
				CODE_SIGN_STYLE = Automatic;
				CURRENT_PROJECT_VERSION = 1;
				DEVELOPMENT_TEAM = ZRV56NLNS6;
				GENERATE_INFOPLIST_FILE = YES;
				MACOSX_DEPLOYMENT_TARGET = 13.1;
				MARKETING_VERSION = 1.0;
				PRODUCT_BUNDLE_IDENTIFIER = MAD.MacLandmarksUITests;
				PRODUCT_NAME = "$(TARGET_NAME)";
				SDKROOT = macosx;
				SWIFT_EMIT_LOC_STRINGS = NO;
				SWIFT_VERSION = 5.0;
				TEST_TARGET_NAME = MacLandmarks;
			};
			name = Debug;
		};
		049BAE9929FB5B9E00F7B0B3 /* Release */ = {
			isa = XCBuildConfiguration;
			buildSettings = {
				ALWAYS_EMBED_SWIFT_STANDARD_LIBRARIES = YES;
				CODE_SIGN_STYLE = Automatic;
				CURRENT_PROJECT_VERSION = 1;
				DEVELOPMENT_TEAM = ZRV56NLNS6;
				GENERATE_INFOPLIST_FILE = YES;
				MACOSX_DEPLOYMENT_TARGET = 13.1;
				MARKETING_VERSION = 1.0;
				PRODUCT_BUNDLE_IDENTIFIER = MAD.MacLandmarksUITests;
				PRODUCT_NAME = "$(TARGET_NAME)";
				SDKROOT = macosx;
				SWIFT_EMIT_LOC_STRINGS = NO;
				SWIFT_VERSION = 5.0;
				TEST_TARGET_NAME = MacLandmarks;
			};
			name = Release;
		};
		049C770229FAB202003BD829 /* Debug */ = {
			isa = XCBuildConfiguration;
			buildSettings = {
				ALWAYS_SEARCH_USER_PATHS = NO;
				CLANG_ANALYZER_NONNULL = YES;
				CLANG_ANALYZER_NUMBER_OBJECT_CONVERSION = YES_AGGRESSIVE;
				CLANG_CXX_LANGUAGE_STANDARD = "gnu++20";
				CLANG_ENABLE_MODULES = YES;
				CLANG_ENABLE_OBJC_ARC = YES;
				CLANG_ENABLE_OBJC_WEAK = YES;
				CLANG_WARN_BLOCK_CAPTURE_AUTORELEASING = YES;
				CLANG_WARN_BOOL_CONVERSION = YES;
				CLANG_WARN_COMMA = YES;
				CLANG_WARN_CONSTANT_CONVERSION = YES;
				CLANG_WARN_DEPRECATED_OBJC_IMPLEMENTATIONS = YES;
				CLANG_WARN_DIRECT_OBJC_ISA_USAGE = YES_ERROR;
				CLANG_WARN_DOCUMENTATION_COMMENTS = YES;
				CLANG_WARN_EMPTY_BODY = YES;
				CLANG_WARN_ENUM_CONVERSION = YES;
				CLANG_WARN_INFINITE_RECURSION = YES;
				CLANG_WARN_INT_CONVERSION = YES;
				CLANG_WARN_NON_LITERAL_NULL_CONVERSION = YES;
				CLANG_WARN_OBJC_IMPLICIT_RETAIN_SELF = YES;
				CLANG_WARN_OBJC_LITERAL_CONVERSION = YES;
				CLANG_WARN_OBJC_ROOT_CLASS = YES_ERROR;
				CLANG_WARN_QUOTED_INCLUDE_IN_FRAMEWORK_HEADER = YES;
				CLANG_WARN_RANGE_LOOP_ANALYSIS = YES;
				CLANG_WARN_STRICT_PROTOTYPES = YES;
				CLANG_WARN_SUSPICIOUS_MOVE = YES;
				CLANG_WARN_UNGUARDED_AVAILABILITY = YES_AGGRESSIVE;
				CLANG_WARN_UNREACHABLE_CODE = YES;
				CLANG_WARN__DUPLICATE_METHOD_MATCH = YES;
				COPY_PHASE_STRIP = NO;
				DEBUG_INFORMATION_FORMAT = dwarf;
				ENABLE_STRICT_OBJC_MSGSEND = YES;
				ENABLE_TESTABILITY = YES;
				GCC_C_LANGUAGE_STANDARD = gnu11;
				GCC_DYNAMIC_NO_PIC = NO;
				GCC_NO_COMMON_BLOCKS = YES;
				GCC_OPTIMIZATION_LEVEL = 0;
				GCC_PREPROCESSOR_DEFINITIONS = (
					"DEBUG=1",
					"$(inherited)",
				);
				GCC_WARN_64_TO_32_BIT_CONVERSION = YES;
				GCC_WARN_ABOUT_RETURN_TYPE = YES_ERROR;
				GCC_WARN_UNDECLARED_SELECTOR = YES;
				GCC_WARN_UNINITIALIZED_AUTOS = YES_AGGRESSIVE;
				GCC_WARN_UNUSED_FUNCTION = YES;
				GCC_WARN_UNUSED_VARIABLE = YES;
				IPHONEOS_DEPLOYMENT_TARGET = 16.2;
				MTL_ENABLE_DEBUG_INFO = INCLUDE_SOURCE;
				MTL_FAST_MATH = YES;
				ONLY_ACTIVE_ARCH = YES;
				SDKROOT = iphoneos;
				SWIFT_ACTIVE_COMPILATION_CONDITIONS = DEBUG;
				SWIFT_OPTIMIZATION_LEVEL = "-Onone";
			};
			name = Debug;
		};
		049C770329FAB202003BD829 /* Release */ = {
			isa = XCBuildConfiguration;
			buildSettings = {
				ALWAYS_SEARCH_USER_PATHS = NO;
				CLANG_ANALYZER_NONNULL = YES;
				CLANG_ANALYZER_NUMBER_OBJECT_CONVERSION = YES_AGGRESSIVE;
				CLANG_CXX_LANGUAGE_STANDARD = "gnu++20";
				CLANG_ENABLE_MODULES = YES;
				CLANG_ENABLE_OBJC_ARC = YES;
				CLANG_ENABLE_OBJC_WEAK = YES;
				CLANG_WARN_BLOCK_CAPTURE_AUTORELEASING = YES;
				CLANG_WARN_BOOL_CONVERSION = YES;
				CLANG_WARN_COMMA = YES;
				CLANG_WARN_CONSTANT_CONVERSION = YES;
				CLANG_WARN_DEPRECATED_OBJC_IMPLEMENTATIONS = YES;
				CLANG_WARN_DIRECT_OBJC_ISA_USAGE = YES_ERROR;
				CLANG_WARN_DOCUMENTATION_COMMENTS = YES;
				CLANG_WARN_EMPTY_BODY = YES;
				CLANG_WARN_ENUM_CONVERSION = YES;
				CLANG_WARN_INFINITE_RECURSION = YES;
				CLANG_WARN_INT_CONVERSION = YES;
				CLANG_WARN_NON_LITERAL_NULL_CONVERSION = YES;
				CLANG_WARN_OBJC_IMPLICIT_RETAIN_SELF = YES;
				CLANG_WARN_OBJC_LITERAL_CONVERSION = YES;
				CLANG_WARN_OBJC_ROOT_CLASS = YES_ERROR;
				CLANG_WARN_QUOTED_INCLUDE_IN_FRAMEWORK_HEADER = YES;
				CLANG_WARN_RANGE_LOOP_ANALYSIS = YES;
				CLANG_WARN_STRICT_PROTOTYPES = YES;
				CLANG_WARN_SUSPICIOUS_MOVE = YES;
				CLANG_WARN_UNGUARDED_AVAILABILITY = YES_AGGRESSIVE;
				CLANG_WARN_UNREACHABLE_CODE = YES;
				CLANG_WARN__DUPLICATE_METHOD_MATCH = YES;
				COPY_PHASE_STRIP = NO;
				DEBUG_INFORMATION_FORMAT = "dwarf-with-dsym";
				ENABLE_NS_ASSERTIONS = NO;
				ENABLE_STRICT_OBJC_MSGSEND = YES;
				GCC_C_LANGUAGE_STANDARD = gnu11;
				GCC_NO_COMMON_BLOCKS = YES;
				GCC_WARN_64_TO_32_BIT_CONVERSION = YES;
				GCC_WARN_ABOUT_RETURN_TYPE = YES_ERROR;
				GCC_WARN_UNDECLARED_SELECTOR = YES;
				GCC_WARN_UNINITIALIZED_AUTOS = YES_AGGRESSIVE;
				GCC_WARN_UNUSED_FUNCTION = YES;
				GCC_WARN_UNUSED_VARIABLE = YES;
				IPHONEOS_DEPLOYMENT_TARGET = 16.2;
				MTL_ENABLE_DEBUG_INFO = NO;
				MTL_FAST_MATH = YES;
				SDKROOT = iphoneos;
				SWIFT_COMPILATION_MODE = wholemodule;
				SWIFT_OPTIMIZATION_LEVEL = "-O";
				VALIDATE_PRODUCT = YES;
			};
			name = Release;
		};
		049C770529FAB202003BD829 /* Debug */ = {
			isa = XCBuildConfiguration;
			buildSettings = {
				ALWAYS_EMBED_SWIFT_STANDARD_LIBRARIES = YES;
				ASSETCATALOG_COMPILER_APPICON_NAME = AppIcon;
				ASSETCATALOG_COMPILER_GLOBAL_ACCENT_COLOR_NAME = AccentColor;
				CODE_SIGN_STYLE = Automatic;
				CURRENT_PROJECT_VERSION = 1;
				DEVELOPMENT_ASSET_PATHS = "\"Landmarks-AFL3/Preview Content\"";
				DEVELOPMENT_TEAM = ZRV56NLNS6;
				ENABLE_PREVIEWS = YES;
				GENERATE_INFOPLIST_FILE = YES;
				INFOPLIST_KEY_UIApplicationSceneManifest_Generation = YES;
				INFOPLIST_KEY_UIApplicationSupportsIndirectInputEvents = YES;
				INFOPLIST_KEY_UILaunchScreen_Generation = YES;
				INFOPLIST_KEY_UISupportedInterfaceOrientations_iPad = "UIInterfaceOrientationPortrait UIInterfaceOrientationPortraitUpsideDown UIInterfaceOrientationLandscapeLeft UIInterfaceOrientationLandscapeRight";
				INFOPLIST_KEY_UISupportedInterfaceOrientations_iPhone = "UIInterfaceOrientationPortrait UIInterfaceOrientationLandscapeLeft UIInterfaceOrientationLandscapeRight";
				LD_RUNPATH_SEARCH_PATHS = (
					"$(inherited)",
					"@executable_path/Frameworks",
				);
				MARKETING_VERSION = 1.0;
				PRODUCT_BUNDLE_IDENTIFIER = "MAD.Landmarks-AFL3";
				PRODUCT_NAME = "$(TARGET_NAME)";
				SWIFT_EMIT_LOC_STRINGS = YES;
				SWIFT_VERSION = 5.0;
				TARGETED_DEVICE_FAMILY = "1,2";
			};
			name = Debug;
		};
		049C770629FAB202003BD829 /* Release */ = {
			isa = XCBuildConfiguration;
			buildSettings = {
				ALWAYS_EMBED_SWIFT_STANDARD_LIBRARIES = YES;
				ASSETCATALOG_COMPILER_APPICON_NAME = AppIcon;
				ASSETCATALOG_COMPILER_GLOBAL_ACCENT_COLOR_NAME = AccentColor;
				CODE_SIGN_STYLE = Automatic;
				CURRENT_PROJECT_VERSION = 1;
				DEVELOPMENT_ASSET_PATHS = "\"Landmarks-AFL3/Preview Content\"";
				DEVELOPMENT_TEAM = ZRV56NLNS6;
				ENABLE_PREVIEWS = YES;
				GENERATE_INFOPLIST_FILE = YES;
				INFOPLIST_KEY_UIApplicationSceneManifest_Generation = YES;
				INFOPLIST_KEY_UIApplicationSupportsIndirectInputEvents = YES;
				INFOPLIST_KEY_UILaunchScreen_Generation = YES;
				INFOPLIST_KEY_UISupportedInterfaceOrientations_iPad = "UIInterfaceOrientationPortrait UIInterfaceOrientationPortraitUpsideDown UIInterfaceOrientationLandscapeLeft UIInterfaceOrientationLandscapeRight";
				INFOPLIST_KEY_UISupportedInterfaceOrientations_iPhone = "UIInterfaceOrientationPortrait UIInterfaceOrientationLandscapeLeft UIInterfaceOrientationLandscapeRight";
				LD_RUNPATH_SEARCH_PATHS = (
					"$(inherited)",
					"@executable_path/Frameworks",
				);
				MARKETING_VERSION = 1.0;
				PRODUCT_BUNDLE_IDENTIFIER = "MAD.Landmarks-AFL3";
				PRODUCT_NAME = "$(TARGET_NAME)";
				SWIFT_EMIT_LOC_STRINGS = YES;
				SWIFT_VERSION = 5.0;
				TARGETED_DEVICE_FAMILY = "1,2";
			};
			name = Release;
		};
		049C770829FAB202003BD829 /* Debug */ = {
			isa = XCBuildConfiguration;
			buildSettings = {
				ALWAYS_EMBED_SWIFT_STANDARD_LIBRARIES = YES;
				BUNDLE_LOADER = "$(TEST_HOST)";
				CODE_SIGN_STYLE = Automatic;
				CURRENT_PROJECT_VERSION = 1;
				DEVELOPMENT_TEAM = ZRV56NLNS6;
				GENERATE_INFOPLIST_FILE = YES;
				IPHONEOS_DEPLOYMENT_TARGET = 16.2;
				MARKETING_VERSION = 1.0;
				PRODUCT_BUNDLE_IDENTIFIER = "MAD.Landmarks-AFL3Tests";
				PRODUCT_NAME = "$(TARGET_NAME)";
				SWIFT_EMIT_LOC_STRINGS = NO;
				SWIFT_VERSION = 5.0;
				TARGETED_DEVICE_FAMILY = "1,2";
				TEST_HOST = "$(BUILT_PRODUCTS_DIR)/Landmarks-AFL3.app/$(BUNDLE_EXECUTABLE_FOLDER_PATH)/Landmarks-AFL3";
			};
			name = Debug;
		};
		049C770929FAB202003BD829 /* Release */ = {
			isa = XCBuildConfiguration;
			buildSettings = {
				ALWAYS_EMBED_SWIFT_STANDARD_LIBRARIES = YES;
				BUNDLE_LOADER = "$(TEST_HOST)";
				CODE_SIGN_STYLE = Automatic;
				CURRENT_PROJECT_VERSION = 1;
				DEVELOPMENT_TEAM = ZRV56NLNS6;
				GENERATE_INFOPLIST_FILE = YES;
				IPHONEOS_DEPLOYMENT_TARGET = 16.2;
				MARKETING_VERSION = 1.0;
				PRODUCT_BUNDLE_IDENTIFIER = "MAD.Landmarks-AFL3Tests";
				PRODUCT_NAME = "$(TARGET_NAME)";
				SWIFT_EMIT_LOC_STRINGS = NO;
				SWIFT_VERSION = 5.0;
				TARGETED_DEVICE_FAMILY = "1,2";
				TEST_HOST = "$(BUILT_PRODUCTS_DIR)/Landmarks-AFL3.app/$(BUNDLE_EXECUTABLE_FOLDER_PATH)/Landmarks-AFL3";
			};
			name = Release;
		};
		049C770B29FAB202003BD829 /* Debug */ = {
			isa = XCBuildConfiguration;
			buildSettings = {
				ALWAYS_EMBED_SWIFT_STANDARD_LIBRARIES = YES;
				CODE_SIGN_STYLE = Automatic;
				CURRENT_PROJECT_VERSION = 1;
				DEVELOPMENT_TEAM = ZRV56NLNS6;
				GENERATE_INFOPLIST_FILE = YES;
				MARKETING_VERSION = 1.0;
				PRODUCT_BUNDLE_IDENTIFIER = "MAD.Landmarks-AFL3UITests";
				PRODUCT_NAME = "$(TARGET_NAME)";
				SWIFT_EMIT_LOC_STRINGS = NO;
				SWIFT_VERSION = 5.0;
				TARGETED_DEVICE_FAMILY = "1,2";
				TEST_TARGET_NAME = "Landmarks-AFL3";
			};
			name = Debug;
		};
		049C770C29FAB202003BD829 /* Release */ = {
			isa = XCBuildConfiguration;
			buildSettings = {
				ALWAYS_EMBED_SWIFT_STANDARD_LIBRARIES = YES;
				CODE_SIGN_STYLE = Automatic;
				CURRENT_PROJECT_VERSION = 1;
				DEVELOPMENT_TEAM = ZRV56NLNS6;
				GENERATE_INFOPLIST_FILE = YES;
				MARKETING_VERSION = 1.0;
				PRODUCT_BUNDLE_IDENTIFIER = "MAD.Landmarks-AFL3UITests";
				PRODUCT_NAME = "$(TARGET_NAME)";
				SWIFT_EMIT_LOC_STRINGS = NO;
				SWIFT_VERSION = 5.0;
				TARGETED_DEVICE_FAMILY = "1,2";
				TEST_TARGET_NAME = "Landmarks-AFL3";
			};
			name = Release;
		};
/* End XCBuildConfiguration section */

/* Begin XCConfigurationList section */
		049BAE9129FB5B9E00F7B0B3 /* Build configuration list for PBXNativeTarget "MacLandmarks" */ = {
			isa = XCConfigurationList;
			buildConfigurations = (
				049BAE9229FB5B9E00F7B0B3 /* Debug */,
				049BAE9329FB5B9E00F7B0B3 /* Release */,
			);
			defaultConfigurationIsVisible = 0;
			defaultConfigurationName = Release;
		};
		049BAE9429FB5B9E00F7B0B3 /* Build configuration list for PBXNativeTarget "MacLandmarksTests" */ = {
			isa = XCConfigurationList;
			buildConfigurations = (
				049BAE9529FB5B9E00F7B0B3 /* Debug */,
				049BAE9629FB5B9E00F7B0B3 /* Release */,
			);
			defaultConfigurationIsVisible = 0;
			defaultConfigurationName = Release;
		};
		049BAE9729FB5B9E00F7B0B3 /* Build configuration list for PBXNativeTarget "MacLandmarksUITests" */ = {
			isa = XCConfigurationList;
			buildConfigurations = (
				049BAE9829FB5B9E00F7B0B3 /* Debug */,
				049BAE9929FB5B9E00F7B0B3 /* Release */,
			);
			defaultConfigurationIsVisible = 0;
			defaultConfigurationName = Release;
		};
		049C76DB29FAB201003BD829 /* Build configuration list for PBXProject "Landmarks-AFL3" */ = {
			isa = XCConfigurationList;
			buildConfigurations = (
				049C770229FAB202003BD829 /* Debug */,
				049C770329FAB202003BD829 /* Release */,
			);
			defaultConfigurationIsVisible = 0;
			defaultConfigurationName = Release;
		};
		049C770429FAB202003BD829 /* Build configuration list for PBXNativeTarget "Landmarks-AFL3" */ = {
			isa = XCConfigurationList;
			buildConfigurations = (
				049C770529FAB202003BD829 /* Debug */,
				049C770629FAB202003BD829 /* Release */,
			);
			defaultConfigurationIsVisible = 0;
			defaultConfigurationName = Release;
		};
		049C770729FAB202003BD829 /* Build configuration list for PBXNativeTarget "Landmarks-AFL3Tests" */ = {
			isa = XCConfigurationList;
			buildConfigurations = (
				049C770829FAB202003BD829 /* Debug */,
				049C770929FAB202003BD829 /* Release */,
			);
			defaultConfigurationIsVisible = 0;
			defaultConfigurationName = Release;
		};
		049C770A29FAB202003BD829 /* Build configuration list for PBXNativeTarget "Landmarks-AFL3UITests" */ = {
			isa = XCConfigurationList;
			buildConfigurations = (
				049C770B29FAB202003BD829 /* Debug */,
				049C770C29FAB202003BD829 /* Release */,
			);
			defaultConfigurationIsVisible = 0;
			defaultConfigurationName = Release;
		};
/* End XCConfigurationList section */
	};
	rootObject = 049C76D829FAB201003BD829 /* Project object */;
}
